
Microsoft Visual Studio Solution File, Format Version 12.00
# Visual Studio 15
Project("{FAE04EC0-301F-11D3-BF4B-00C04F79EFBC}") = "BestBuyCRUD", "BestBuyCRUD\BestBuyCRUD.csproj", "{A570DD4C-7581-48EF-8857-EB5DCF9BA918}"
EndProject
Global
	GlobalSection(SolutionConfigurationPlatforms) = preSolution
		Debug|Any CPU = Debug|Any CPU
		Release|Any CPU = Release|Any CPU
	EndGlobalSection
	GlobalSection(ProjectConfigurationPlatforms) = postSolution
		{A570DD4C-7581-48EF-8857-EB5DCF9BA918}.Debug|Any CPU.ActiveCfg = Debug|Any CPU
		{A570DD4C-7581-48EF-8857-EB5DCF9BA918}.Debug|Any CPU.Build.0 = Debug|Any CPU
		{A570DD4C-7581-48EF-8857-EB5DCF9BA918}.Release|Any CPU.ActiveCfg = Release|Any CPU
		{A570DD4C-7581-48EF-8857-EB5DCF9BA918}.Release|Any CPU.Build.0 = Release|Any CPU
	EndGlobalSection
EndGlobal
